
Microsoft Visual Studio Solution File, Format Version 12.00
# Visual Studio Version 17
VisualStudioVersion = 17.8.34330.188
MinimumVisualStudioVersion = 10.0.40219.1
Project("{FAE04EC0-301F-11D3-BF4B-00C04F79EFBC}") = "Raycast.Engine", "Raycast.Engine\Raycast.Engine\Raycast.Engine.csproj", "{C611A4D7-25B1-4439-BD08-E6C1D64794EA}"
EndProject
Project("{FAE04EC0-301F-11D3-BF4B-00C04F79EFBC}") = "Raycast.Engine.Client", "Raycast.Engine\Raycast.Engine.Client\Raycast.Engine.Client.csproj", "{89B9ED80-33FE-4EA7-91D2-B69923224BBC}"
EndProject
Project("{FAE04EC0-301F-11D3-BF4B-00C04F79EFBC}") = "BlazorApp1", "BlazorApp1\BlazorApp1.csproj", "{8301F9B8-4F12-4C9D-97E8-E0E3291922F0}"
EndProject
Global
	GlobalSection(SolutionConfigurationPlatforms) = preSolution
		Debug|Any CPU = Debug|Any CPU
		Release|Any CPU = Release|Any CPU
	EndGlobalSection
	GlobalSection(ProjectConfigurationPlatforms) = postSolution
		{C611A4D7-25B1-4439-BD08-E6C1D64794EA}.Debug|Any CPU.ActiveCfg = Debug|Any CPU
		{C611A4D7-25B1-4439-BD08-E6C1D64794EA}.Debug|Any CPU.Build.0 = Debug|Any CPU
		{C611A4D7-25B1-4439-BD08-E6C1D64794EA}.Release|Any CPU.ActiveCfg = Release|Any CPU
		{C611A4D7-25B1-4439-BD08-E6C1D64794EA}.Release|Any CPU.Build.0 = Release|Any CPU
		{89B9ED80-33FE-4EA7-91D2-B69923224BBC}.Debug|Any CPU.ActiveCfg = Debug|Any CPU
		{89B9ED80-33FE-4EA7-91D2-B69923224BBC}.Debug|Any CPU.Build.0 = Debug|Any CPU
		{89B9ED80-33FE-4EA7-91D2-B69923224BBC}.Release|Any CPU.ActiveCfg = Release|Any CPU
		{89B9ED80-33FE-4EA7-91D2-B69923224BBC}.Release|Any CPU.Build.0 = Release|Any CPU
		{8301F9B8-4F12-4C9D-97E8-E0E3291922F0}.Debug|Any CPU.ActiveCfg = Debug|Any CPU
		{8301F9B8-4F12-4C9D-97E8-E0E3291922F0}.Debug|Any CPU.Build.0 = Debug|Any CPU
		{8301F9B8-4F12-4C9D-97E8-E0E3291922F0}.Release|Any CPU.ActiveCfg = Release|Any CPU
		{8301F9B8-4F12-4C9D-97E8-E0E3291922F0}.Release|Any CPU.Build.0 = Release|Any CPU
	EndGlobalSection
	GlobalSection(SolutionProperties) = preSolution
		HideSolutionNode = FALSE
	EndGlobalSection
	GlobalSection(ExtensibilityGlobals) = postSolution
		SolutionGuid = {D34856D8-B457-4858-9AF0-0E87491BAFF8}
	EndGlobalSection
EndGlobal
